dependencies:
  espressif/mdns:
    component_hash: 31117d76cae83a6d83ffd7f035f6fdae5bd05b914fc30b641afeb208b84de19a
    source:
      service_url: https://api.components.espressif.com/
      type: service
    version: 1.3.2
  idf:
    component_hash: null
    source:
      type: idf
    version: 5.0.2
manifest_hash: 09a8310db6f32131168dda436fb32d4263ac71ad88306be6b0d30c5cef3c8325
target: esp32
version: 1.0.0
